{
  "version": "3",
  "remote": {
    "https://edge.netlify.com/": "ff84a16f192fdb43db8b9dff869889f555c05857d075044d2a7cfa54c283a0a0",
    "https://edge.netlify.com/bootstrap/config.ts": "0aa0a225d978b89e0e62cbd853701605199e7a84095e55eeb70147faf1a24803",
    "https://edge.netlify.com/bootstrap/context.ts": "f8392d0bfc4a345f0508157a9ed1a8b0ac832275e5ae6fe9301a8268fbfeb0b5",
    "https://edge.netlify.com/bootstrap/cookie.ts": "8b0baae708989ca183c6f3b4ab3d029e6abcbc2e43f93edeb0ff447b3bbc3a05",
    "https://edge.netlify.com/bootstrap/edge_function.ts": "b8253e86aa83c67341f5cfedeba5049d77fbf84dcab7eceff7566b7728ae9b39",
    "https://edge.netlify.com/bootstrap/globals.ts": "38f9e0be6c2c78206bf14d2387d41964d38bbe81644b3668e203c6f6473408a7"
  },
  "workspace": {
    "packageJson": {
      "dependencies": [
        "npm:@apollo/client@^3.6.1",
        "npm:@netlify/edge-functions@^2.3.1",
        "npm:@netlify/remix-edge-adapter@^3.2.1",
        "npm:@netlify/remix-runtime@^2.2.0",
        "npm:@remix-run/dev@^2.10.2",
        "npm:@remix-run/node@^2.10.2",
        "npm:@remix-run/react@^2.10.2",
        "npm:@remix-run/serve@^2.10.2",
        "npm:@types/react-dom@^18.2.7",
        "npm:@types/react@^18.2.20",
        "npm:@typescript-eslint/eslint-plugin@^6.7.4",
        "npm:@vitejs/plugin-react@^4.3.1",
        "npm:babel-plugin-styled-components@^2.1.4",
        "npm:eslint-config-prettier@^9.0.0",
        "npm:eslint-import-resolver-typescript@^3.6.1",
        "npm:eslint-plugin-import@^2.28.1",
        "npm:eslint-plugin-jsx-a11y@^6.7.1",
        "npm:eslint-plugin-react-hooks@^4.6.0",
        "npm:eslint-plugin-react@^7.33.2",
        "npm:eslint@^8.38.0",
        "npm:graphql@^16.4.0",
        "npm:install@^0.13.0",
        "npm:isbot@^4.1.0",
        "npm:moment@^2.30.1",
        "npm:netlify-cli@^17.33.0",
        "npm:npm@^10.8.1",
        "npm:remix-themes@^1.2.2",
        "npm:styled-components@^6.0.7",
        "npm:typescript@^5.1.6",
        "npm:vite-tsconfig-paths@^4.3.2",
        "npm:vite@^5.0.0"
      ]
    }
  }
}
